
Microsoft Visual Studio Solution File, Format Version 12.00
# Visual Studio Version 17
VisualStudioVersion = 17.12.35527.113
MinimumVisualStudioVersion = 10.0.40219.1
Project("{FAE04EC0-301F-11D3-BF4B-00C04F79EFBC}") = "HRAnalytics.Core", "HRAnalytics.Core\HRAnalytics.Core.csproj", "{7A1D3D39-407F-44DB-825A-5A50651EEB1F}"
EndProject
Project("{FAE04EC0-301F-11D3-BF4B-00C04F79EFBC}") = "HRAnalytics.Infrastructure", "HRAnalytics.Infrastructure\HRAnalytics.Infrastructure.csproj", "{52F83B72-EB57-46EA-9D77-5088399632E9}"
EndProject
Project("{FAE04EC0-301F-11D3-BF4B-00C04F79EFBC}") = "HRAnalytics.Application", "HRAnalytics.Application\HRAnalytics.Application.csproj", "{C0C4CB40-AC41-4E63-9A38-04CEB495E22B}"
EndProject
Project("{2150E333-8FDC-42A3-9474-1A3956D46DE8}") = "src", "src", "{AD992B84-C042-40CF-9520-5ED35B0F750C}"
EndProject
Project("{FAE04EC0-301F-11D3-BF4B-00C04F79EFBC}") = "HRAnalytics.API", "HRAnalytics.API\HRAnalytics.API.csproj", "{ADB703FD-C469-42F4-9AB1-F8702FC21FF6}"
EndProject
Global
	GlobalSection(SolutionConfigurationPlatforms) = preSolution
		Debug|Any CPU = Debug|Any CPU
		Release|Any CPU = Release|Any CPU
	EndGlobalSection
	GlobalSection(ProjectConfigurationPlatforms) = postSolution
		{7A1D3D39-407F-44DB-825A-5A50651EEB1F}.Debug|Any CPU.ActiveCfg = Debug|Any CPU
		{7A1D3D39-407F-44DB-825A-5A50651EEB1F}.Debug|Any CPU.Build.0 = Debug|Any CPU
		{7A1D3D39-407F-44DB-825A-5A50651EEB1F}.Release|Any CPU.ActiveCfg = Release|Any CPU
		{7A1D3D39-407F-44DB-825A-5A50651EEB1F}.Release|Any CPU.Build.0 = Release|Any CPU
		{52F83B72-EB57-46EA-9D77-5088399632E9}.Debug|Any CPU.ActiveCfg = Debug|Any CPU
		{52F83B72-EB57-46EA-9D77-5088399632E9}.Debug|Any CPU.Build.0 = Debug|Any CPU
		{52F83B72-EB57-46EA-9D77-5088399632E9}.Release|Any CPU.ActiveCfg = Release|Any CPU
		{52F83B72-EB57-46EA-9D77-5088399632E9}.Release|Any CPU.Build.0 = Release|Any CPU
		{C0C4CB40-AC41-4E63-9A38-04CEB495E22B}.Debug|Any CPU.ActiveCfg = Debug|Any CPU
		{C0C4CB40-AC41-4E63-9A38-04CEB495E22B}.Debug|Any CPU.Build.0 = Debug|Any CPU
		{C0C4CB40-AC41-4E63-9A38-04CEB495E22B}.Release|Any CPU.ActiveCfg = Release|Any CPU
		{C0C4CB40-AC41-4E63-9A38-04CEB495E22B}.Release|Any CPU.Build.0 = Release|Any CPU
		{ADB703FD-C469-42F4-9AB1-F8702FC21FF6}.Debug|Any CPU.ActiveCfg = Debug|Any CPU
		{ADB703FD-C469-42F4-9AB1-F8702FC21FF6}.Debug|Any CPU.Build.0 = Debug|Any CPU
		{ADB703FD-C469-42F4-9AB1-F8702FC21FF6}.Release|Any CPU.ActiveCfg = Release|Any CPU
		{ADB703FD-C469-42F4-9AB1-F8702FC21FF6}.Release|Any CPU.Build.0 = Release|Any CPU
	EndGlobalSection
	GlobalSection(SolutionProperties) = preSolution
		HideSolutionNode = FALSE
	EndGlobalSection
EndGlobal
